
Microsoft Visual Studio Solution File, Format Version 12.00
# Visual Studio Version 16
VisualStudioVersion = 16.0.31205.134
MinimumVisualStudioVersion = 10.0.40219.1
Project("{FAE04EC0-301F-11D3-BF4B-00C04F79EFBC}") = "BookListRazor", "BookListRazor\BookListRazor.csproj", "{8D1AD146-7E1C-4D56-A72C-E0F618CC9A9D}"
EndProject
Global
	GlobalSection(SolutionConfigurationPlatforms) = preSolution
		Debug|Any CPU = Debug|Any CPU
		Release|Any CPU = Release|Any CPU
	EndGlobalSection
	GlobalSection(ProjectConfigurationPlatforms) = postSolution
		{8D1AD146-7E1C-4D56-A72C-E0F618CC9A9D}.Debug|Any CPU.ActiveCfg = Debug|Any CPU
		{8D1AD146-7E1C-4D56-A72C-E0F618CC9A9D}.Debug|Any CPU.Build.0 = Debug|Any CPU
		{8D1AD146-7E1C-4D56-A72C-E0F618CC9A9D}.Release|Any CPU.ActiveCfg = Release|Any CPU
		{8D1AD146-7E1C-4D56-A72C-E0F618CC9A9D}.Release|Any CPU.Build.0 = Release|Any CPU
	EndGlobalSection
	GlobalSection(SolutionProperties) = preSolution
		HideSolutionNode = FALSE
	EndGlobalSection
	GlobalSection(ExtensibilityGlobals) = postSolution
		SolutionGuid = {F09C3C46-2EAC-43CE-8342-02757A87C45A}
	EndGlobalSection
EndGlobal
